
Microsoft Visual Studio Solution File, Format Version 12.00
# Visual Studio 15
VisualStudioVersion = 15.0.28307.489
MinimumVisualStudioVersion = 10.0.40219.1
Project("{9A19103F-16F7-4668-BE54-9A1E7A4F7556}") = "ASPNET_MVC", "ASPNET_MVC\ASPNET_MVC.csproj", "{38AD3F6A-4134-4840-8DCB-1D3F001131EE}"
EndProject
Global
	GlobalSection(SolutionConfigurationPlatforms) = preSolution
		Debug|Any CPU = Debug|Any CPU
		Release|Any CPU = Release|Any CPU
	EndGlobalSection
	GlobalSection(ProjectConfigurationPlatforms) = postSolution
		{38AD3F6A-4134-4840-8DCB-1D3F001131EE}.Debug|Any CPU.ActiveCfg = Debug|Any CPU
		{38AD3F6A-4134-4840-8DCB-1D3F001131EE}.Debug|Any CPU.Build.0 = Debug|Any CPU
		{38AD3F6A-4134-4840-8DCB-1D3F001131EE}.Release|Any CPU.ActiveCfg = Release|Any CPU
		{38AD3F6A-4134-4840-8DCB-1D3F001131EE}.Release|Any CPU.Build.0 = Release|Any CPU
	EndGlobalSection
	GlobalSection(SolutionProperties) = preSolution
		HideSolutionNode = FALSE
	EndGlobalSection
	GlobalSection(ExtensibilityGlobals) = postSolution
		SolutionGuid = {D8FEE5FB-C37C-479E-8927-1668B8A476CA}
	EndGlobalSection
EndGlobal
